
Microsoft Visual Studio Solution File, Format Version 12.00
# Visual Studio 15
VisualStudioVersion = 15.0.28010.2016
MinimumVisualStudioVersion = 10.0.40219.1
Project("{FAE04EC0-301F-11D3-BF4B-00C04F79EFBC}") = "MyGelleryExample", "MyGelleryExample\MyGelleryExample.csproj", "{589F1AB8-F830-47F1-B0BC-B4B121C14C7F}"
EndProject
Project("{FAE04EC0-301F-11D3-BF4B-00C04F79EFBC}") = "CroppingImageLibrary", "CroppingImageLibrary\CroppingImageLibrary.csproj", "{C2824292-F1D9-4835-96C2-A1F657D61A16}"
EndProject
Global
	GlobalSection(SolutionConfigurationPlatforms) = preSolution
		Debug|Any CPU = Debug|Any CPU
		Release|Any CPU = Release|Any CPU
	EndGlobalSection
	GlobalSection(ProjectConfigurationPlatforms) = postSolution
		{589F1AB8-F830-47F1-B0BC-B4B121C14C7F}.Debug|Any CPU.ActiveCfg = Debug|Any CPU
		{589F1AB8-F830-47F1-B0BC-B4B121C14C7F}.Debug|Any CPU.Build.0 = Debug|Any CPU
		{589F1AB8-F830-47F1-B0BC-B4B121C14C7F}.Release|Any CPU.ActiveCfg = Release|Any CPU
		{589F1AB8-F830-47F1-B0BC-B4B121C14C7F}.Release|Any CPU.Build.0 = Release|Any CPU
		{C2824292-F1D9-4835-96C2-A1F657D61A16}.Debug|Any CPU.ActiveCfg = Debug|Any CPU
		{C2824292-F1D9-4835-96C2-A1F657D61A16}.Debug|Any CPU.Build.0 = Debug|Any CPU
		{C2824292-F1D9-4835-96C2-A1F657D61A16}.Release|Any CPU.ActiveCfg = Release|Any CPU
		{C2824292-F1D9-4835-96C2-A1F657D61A16}.Release|Any CPU.Build.0 = Release|Any CPU
	EndGlobalSection
	GlobalSection(SolutionProperties) = preSolution
		HideSolutionNode = FALSE
	EndGlobalSection
	GlobalSection(ExtensibilityGlobals) = postSolution
		SolutionGuid = {005755DC-3853-45E1-A245-91C1DE0AEA68}
	EndGlobalSection
EndGlobal
